
Microsoft Visual Studio Solution File, Format Version 12.00
# Visual Studio Version 16
VisualStudioVersion = 16.0.29102.190
MinimumVisualStudioVersion = 10.0.40219.1
Project("{FAE04EC0-301F-11D3-BF4B-00C04F79EFBC}") = "Hello-World", "Hello-World.csproj", "{9FF381E4-BC60-402E-94FF-D85087A4B251}"
EndProject
Global
	GlobalSection(SolutionConfigurationPlatforms) = preSolution
		Debug|Any CPU = Debug|Any CPU
		Release|Any CPU = Release|Any CPU
	EndGlobalSection
	GlobalSection(ProjectConfigurationPlatforms) = postSolution
		{9FF381E4-BC60-402E-94FF-D85087A4B251}.Debug|Any CPU.ActiveCfg = Debug|Any CPU
		{9FF381E4-BC60-402E-94FF-D85087A4B251}.Debug|Any CPU.Build.0 = Debug|Any CPU
		{9FF381E4-BC60-402E-94FF-D85087A4B251}.Release|Any CPU.ActiveCfg = Release|Any CPU
		{9FF381E4-BC60-402E-94FF-D85087A4B251}.Release|Any CPU.Build.0 = Release|Any CPU
	EndGlobalSection
	GlobalSection(SolutionProperties) = preSolution
		HideSolutionNode = FALSE
	EndGlobalSection
	GlobalSection(ExtensibilityGlobals) = postSolution
		SolutionGuid = {114BB09C-0141-4FC5-9AFA-CE7E4C98BA2F}
	EndGlobalSection
EndGlobal
